<?xml version="1.0" encoding="utf-8"?>
<Project ToolsVersion="4.0" xmlns="http://schemas.microsoft.com/developer/msbuild/2003">
  <ItemGroup>
    <Filter Include="Stl">
      <UniqueIdentifier>{d14920e4-2aec-45fb-8ee4-d1c777a059b9}</UniqueIdentifier>
    </Filter>
    <Filter Include="Stl\Headers">
      <UniqueIdentifier>{c6b96316-f901-470e-acc8-4e14ff9d48a7}</UniqueIdentifier>
    </Filter>
    <Filter Include="Stl\Sources">
      <UniqueIdentifier>{bd998dd1-ce71-4bd1-a771-de666fa1cedc}</UniqueIdentifier>
    </Filter>
    <Filter Include="Custom">
      <UniqueIdentifier>{0afc5423-d5c4-4343-9238-797cdaae876a}</UniqueIdentifier>
    </Filter>
    <Filter Include="Stl\SmartPointers">
      <UniqueIdentifier>{02fb1ea8-e19c-4881-b3eb-a25f7f51a763}</UniqueIdentifier>
    </Filter>
  </ItemGroup>
  <ItemGroup>
    <ClInclude Include="Stl\__allocator.h">
      <Filter>Stl\Headers</Filter>
    </ClInclude>
    <ClInclude Include="Stl\__addressof.h">
      <Filter>Stl\Headers</Filter>
    </ClInclude>
    <ClInclude Include="Stl\__is_mem_func_obj.h">
      <Filter>Stl\Headers</Filter>
    </ClInclude>
    <ClInclude Include="Stl\__reference_wrapper.h">
      <Filter>Stl\Headers</Filter>
    </ClInclude>
    <ClInclude Include="Stl\__swap.h">
      <Filter>Stl\Headers</Filter>
    </ClInclude>
    <ClInclude Include="Stl\algorithm.h">
      <Filter>Stl\Headers</Filter>
    </ClInclude>
    <ClInclude Include="Stl\basic.h">
      <Filter>Stl\Headers</Filter>
    </ClInclude>
    <ClInclude Include="Stl\binary_search_tree.h">
      <Filter>Stl\Headers</Filter>
    </ClInclude>
    <ClInclude Include="Stl\container_traits.h">
      <Filter>Stl\Headers</Filter>
    </ClInclude>
    <ClInclude Include="Stl\iterator.h">
      <Filter>Stl\Headers</Filter>
    </ClInclude>
    <ClInclude Include="Stl\functional.h">
      <Filter>Stl\Headers</Filter>
    </ClInclude>
    <ClInclude Include="Stl\memory.h">
      <Filter>Stl\Headers</Filter>
    </ClInclude>
    <ClInclude Include="Stl\memory_resource.h">
      <Filter>Stl\Headers</Filter>
    </ClInclude>
    <ClInclude Include="Stl\traits_constant.h">
      <Filter>Stl\Headers</Filter>
    </ClInclude>
    <ClInclude Include="Stl\traits_internal.h">
      <Filter>Stl\Headers</Filter>
    </ClInclude>
    <ClInclude Include="Stl\tuple.h">
      <Filter>Stl\Headers</Filter>
    </ClInclude>
    <ClInclude Include="Stl\type_traits.h">
      <Filter>Stl\Headers</Filter>
    </ClInclude>
    <ClInclude Include="Stl\utility.h">
      <Filter>Stl\Headers</Filter>
    </ClInclude>
    <ClInclude Include="Stl\utility_internal.h">
      <Filter>Stl\Headers</Filter>
    </ClInclude>
    <ClInclude Include="Stl\math.h">
      <Filter>Stl\Headers</Filter>
    </ClInclude>
    <ClInclude Include="Stl\Auto.h">
      <Filter>Stl\Headers</Filter>
    </ClInclude>
    <ClInclude Include="Custom\StopWatch.h">
      <Filter>Custom</Filter>
    </ClInclude>
    <ClInclude Include="Stl\algorithm_internal.h">
      <Filter>Stl\Headers</Filter>
    </ClInclude>
    <ClInclude Include="Stl\compare_funtor.h">
      <Filter>Stl\Headers</Filter>
    </ClInclude>
    <ClInclude Include="Stl\compress_pair.h">
      <Filter>Stl\Headers</Filter>
    </ClInclude>
    <ClInclude Include="Stl\SmartPointers\default_delete.h">
      <Filter>Stl\SmartPointers</Filter>
    </ClInclude>
    <ClInclude Include="Stl\SmartPointers\unique_ptr.h">
      <Filter>Stl\SmartPointers</Filter>
    </ClInclude>
    <ClInclude Include="Stl\SmartPointers\shared_ptr.h">
      <Filter>Stl\SmartPointers</Filter>
    </ClInclude>
    <ClInclude Include="Stl\pointer_traits.h">
      <Filter>Stl\Headers</Filter>
    </ClInclude>
  </ItemGroup>
  <ItemGroup>
    <ClCompile Include="Stl\memory_resource.cpp">
      <Filter>Stl\Sources</Filter>
    </ClCompile>
  </ItemGroup>
  <ItemGroup>
    <None Include="..\README.md" />
  </ItemGroup>
</Project>